PODS:
  - FMDB (2.6.2):
    - FMDB/standard (= 2.6.2)
  - FMDB/standard (2.6.2)
  - React (0.59.10):
    - React/Core (= 0.59.10)
  - React/Core (0.59.10):
    - yoga (= 0.59.10.React)
  - SnowplowTracker (1.2.0-M1):
    - FMDB (~> 2.6.2)
  - yoga (0.59.10.React)

DEPENDENCIES:
  - FMDB (~> 2.6.2)
  - React (from `../node_modules/react-native`)
  - SnowplowTracker (= 1.2.0-M1)
  - yoga (from `../node_modules/react-native/ReactCommon/yoga`)

SPEC REPOS:
  trunk:
    - FMDB
    - SnowplowTracker

EXTERNAL SOURCES:
  React:
    :path: "../node_modules/react-native"
  yoga:
    :path: "../node_modules/react-native/ReactCommon/yoga"

SPEC CHECKSUMS:
  FMDB: 854a0341b4726e53276f2a8996f06f1b80f9259a
  React: 36d0768f9e93be2473b37e7fa64f92c1d5341eef
  SnowplowTracker: 818c7c87f89c4fd35a79e1c3759ee9abe01c6eca
  yoga: 684513b14b03201579ba3cee20218c9d1298b0cc

PODFILE CHECKSUM: f8a1d7e519d37c70a46095e0acfdec2db81abe84

COCOAPODS: 1.8.4
